
Microsoft Visual Studio Solution File, Format Version 12.00
# Visual Studio Version 17
VisualStudioVersion = 17.10.35013.160
MinimumVisualStudioVersion = 10.0.40219.1
Project("{9A19103F-16F7-4668-BE54-9A1E7A4F7556}") = "FalconDatabase", "FalconDatabase.csproj", "{464D1A54-D79B-4C71-B6C1-1297B1B24FF1}"
EndProject
Project("{FAE04EC0-301F-11D3-BF4B-00C04F79EFBC}") = "DatabaseTest", "..\DatabaseTest\DatabaseTest.csproj", "{F8E77B4A-7C2D-4780-977D-220A071FD5B8}"
EndProject
Global
	GlobalSection(SolutionConfigurationPlatforms) = preSolution
		Debug|Any CPU = Debug|Any CPU
		Release|Any CPU = Release|Any CPU
	EndGlobalSection
	GlobalSection(ProjectConfigurationPlatforms) = postSolution
		{464D1A54-D79B-4C71-B6C1-1297B1B24FF1}.Debug|Any CPU.ActiveCfg = Debug|Any CPU
		{464D1A54-D79B-4C71-B6C1-1297B1B24FF1}.Debug|Any CPU.Build.0 = Debug|Any CPU
		{464D1A54-D79B-4C71-B6C1-1297B1B24FF1}.Release|Any CPU.ActiveCfg = Release|Any CPU
		{464D1A54-D79B-4C71-B6C1-1297B1B24FF1}.Release|Any CPU.Build.0 = Release|Any CPU
		{F8E77B4A-7C2D-4780-977D-220A071FD5B8}.Debug|Any CPU.ActiveCfg = Debug|Any CPU
		{F8E77B4A-7C2D-4780-977D-220A071FD5B8}.Debug|Any CPU.Build.0 = Debug|Any CPU
		{F8E77B4A-7C2D-4780-977D-220A071FD5B8}.Release|Any CPU.ActiveCfg = Release|Any CPU
		{F8E77B4A-7C2D-4780-977D-220A071FD5B8}.Release|Any CPU.Build.0 = Release|Any CPU
	EndGlobalSection
	GlobalSection(SolutionProperties) = preSolution
		HideSolutionNode = FALSE
	EndGlobalSection
	GlobalSection(ExtensibilityGlobals) = postSolution
		SolutionGuid = {5534E86B-8B34-4B28-8E8E-F3126BB90FB3}
	EndGlobalSection
EndGlobal
